{
  "version": 4,
  "terraform_version": "0.14.7",
  "serial": 15,
  "lineage": "d329ea71-e13b-0180-4cf2-389409c9900f",
  "outputs": {},
  "resources": [
    {
      "mode": "managed",
      "type": "azurerm_resource_group",
      "name": "example",
      "provider": "provider[\"registry.terraform.io/hashicorp/azurerm\"]",
      "instances": [
        {
          "schema_version": 0,
          "attributes": {
            "id": "/subscriptions/eb3968fe-3761-4c75-94e5-0e8c95e5e4c9/resourceGroups/vibrg",
            "location": "eastus",
            "name": "vibrg",
            "tags": {
              "env": " production "
            },
            "timeouts": null
          },
          "sensitive_attributes": [],
          "private": "eyJlMmJmYjczMC1lY2FhLTExZTYtOGY4OC0zNDM2M2JjN2M0YzAiOnsiY3JlYXRlIjo1NDAwMDAwMDAwMDAwLCJkZWxldGUiOjU0MDAwMDAwMDAwMDAsInJlYWQiOjMwMDAwMDAwMDAwMCwidXBkYXRlIjo1NDAwMDAwMDAwMDAwfX0="
        }
      ]
    },
    {
      "mode": "managed",
      "type": "azurerm_virtual_network",
      "name": "example",
      "provider": "provider[\"registry.terraform.io/hashicorp/azurerm\"]",
      "instances": [
        {
          "schema_version": 0,
          "attributes": {
            "address_space": [
              "15.0.0.0/16"
            ],
            "bgp_community": "",
            "ddos_protection_plan": [],
            "dns_servers": null,
            "guid": "830866f6-c227-438d-8bbe-80a4caea1bd3",
            "id": "/subscriptions/eb3968fe-3761-4c75-94e5-0e8c95e5e4c9/resourceGroups/vibrg/providers/Microsoft.Network/virtualNetworks/vnet111",
            "location": "eastus",
            "name": "vnet111",
            "resource_group_name": "vibrg",
            "subnet": [
              {
                "address_prefix": "15.0.1.0/24",
                "id": "/subscriptions/eb3968fe-3761-4c75-94e5-0e8c95e5e4c9/resourceGroups/vibrg/providers/Microsoft.Network/virtualNetworks/vnet111/subnets/subnet1",
                "name": "subnet1",
                "security_group": ""
              },
              {
                "address_prefix": "15.0.2.0/24",
                "id": "/subscriptions/eb3968fe-3761-4c75-94e5-0e8c95e5e4c9/resourceGroups/vibrg/providers/Microsoft.Network/virtualNetworks/vnet111/subnets/subnet2",
                "name": "subnet2",
                "security_group": ""
              },
              {
                "address_prefix": "15.0.3.0/24",
                "id": "/subscriptions/eb3968fe-3761-4c75-94e5-0e8c95e5e4c9/resourceGroups/vibrg/providers/Microsoft.Network/virtualNetworks/vnet111/subnets/subnet3",
                "name": "subnet3",
                "security_group": ""
              }
            ],
            "tags": {
              "environment": "Production"
            },
            "timeouts": null,
            "vm_protection_enabled": false
          },
          "sensitive_attributes": [],
          "private": "eyJlMmJmYjczMC1lY2FhLTExZTYtOGY4OC0zNDM2M2JjN2M0YzAiOnsiY3JlYXRlIjoxODAwMDAwMDAwMDAwLCJkZWxldGUiOjE4MDAwMDAwMDAwMDAsInJlYWQiOjMwMDAwMDAwMDAwMCwidXBkYXRlIjoxODAwMDAwMDAwMDAwfX0=",
          "dependencies": [
            "azurerm_resource_group.example"
          ]
        }
      ]
    }
  ]
}
